
Microsoft Visual Studio Solution File, Format Version 12.00
# Visual Studio Version 17
VisualStudioVersion = 17.0.31903.59
MinimumVisualStudioVersion = 10.0.40219.1
Project("{2150E333-8FDC-42A3-9474-1A3956D46DE8}") = "src", "src", "{C00C2D3F-E9D9-4923-9044-CA162D933943}"
EndProject
Project("{FAE04EC0-301F-11D3-BF4B-00C04F79EFBC}") = "BeniceSoft.OpenAuthing.AspNetCore", "src\BeniceSoft.OpenAuthing.AspNetCore\BeniceSoft.OpenAuthing.AspNetCore.csproj", "{417C0F6E-AEFB-4364-AD87-5BC48FB15974}"
EndProject
Project("{2150E333-8FDC-42A3-9474-1A3956D46DE8}") = "samples", "samples", "{C023D236-3EC1-4413-A327-5C1C8A6CD860}"
EndProject
Project("{FAE04EC0-301F-11D3-BF4B-00C04F79EFBC}") = "BeniceSoft.OpenAuthing.Sample", "samples\BeniceSoft.OpenAuthing.Sample\BeniceSoft.OpenAuthing.Sample.csproj", "{7C87B873-FE71-480C-8055-5205CD4CCB02}"
EndProject
Global
	GlobalSection(SolutionConfigurationPlatforms) = preSolution
		Debug|Any CPU = Debug|Any CPU
		Release|Any CPU = Release|Any CPU
	EndGlobalSection
	GlobalSection(SolutionProperties) = preSolution
		HideSolutionNode = FALSE
	EndGlobalSection
	GlobalSection(ProjectConfigurationPlatforms) = postSolution
		{417C0F6E-AEFB-4364-AD87-5BC48FB15974}.Debug|Any CPU.ActiveCfg = Debug|Any CPU
		{417C0F6E-AEFB-4364-AD87-5BC48FB15974}.Debug|Any CPU.Build.0 = Debug|Any CPU
		{417C0F6E-AEFB-4364-AD87-5BC48FB15974}.Release|Any CPU.ActiveCfg = Release|Any CPU
		{417C0F6E-AEFB-4364-AD87-5BC48FB15974}.Release|Any CPU.Build.0 = Release|Any CPU
		{7C87B873-FE71-480C-8055-5205CD4CCB02}.Debug|Any CPU.ActiveCfg = Debug|Any CPU
		{7C87B873-FE71-480C-8055-5205CD4CCB02}.Debug|Any CPU.Build.0 = Debug|Any CPU
		{7C87B873-FE71-480C-8055-5205CD4CCB02}.Release|Any CPU.ActiveCfg = Release|Any CPU
		{7C87B873-FE71-480C-8055-5205CD4CCB02}.Release|Any CPU.Build.0 = Release|Any CPU
	EndGlobalSection
	GlobalSection(NestedProjects) = preSolution
		{417C0F6E-AEFB-4364-AD87-5BC48FB15974} = {C00C2D3F-E9D9-4923-9044-CA162D933943}
		{7C87B873-FE71-480C-8055-5205CD4CCB02} = {C023D236-3EC1-4413-A327-5C1C8A6CD860}
	EndGlobalSection
EndGlobal
